{
  "name": "my-gql-sls-application",
  "version": "1.0.0",
  "lockfileVersion": 1,
  "requires": true,
  "dependencies": {
    "graphql": {
      "version": "0.13.1",
      "resolved": "https://registry.npmjs.org/graphql/-/graphql-0.13.1.tgz",
      "integrity": "sha512-awNp3LTrQ7dJDSX3p3PBuxNDC+WFSOrWeV6+l4Xeh2PQJVOFyQ9SZPonXRz2WZc7aIxLZsf2nDZuuuc0qyEq/A==",
      "requires": {
        "iterall": "1.2.1"
      }
    },
    "iterall": {
      "version": "1.2.1",
      "resolved": "https://registry.npmjs.org/iterall/-/iterall-1.2.1.tgz",
      "integrity": "sha512-XH2awY4PboL5tG5i2P7wZ2E6oet/JkmEUpUhjcroXxBUy7bPsUOXRDMAAZe+rnH2azSXboqvyDIp5n2f7GtlCQ=="
    }
  }
}
